# THIS IS AN AUTOGENERATED FILE. DO NOT EDIT THIS FILE DIRECTLY.
# yarn lockfile v1


"@actions/core@^1.5.0":
  version "1.5.0"
  resolved "https://registry.nlark.com/@actions/core/download/@actions/core-1.5.0.tgz#885b864700001a1b9a6fba247833a036e75ad9d3"
  integrity sha1-iFuGRwAAGhuab7okeDOgNuda2dM=

"@actions/github@^5.0.0":
  version "5.0.0"
  resolved "https://registry.nlark.com/@actions/github/download/@actions/github-5.0.0.tgz#1754127976c50bd88b2e905f10d204d76d1472f8"
  integrity sha1-F1QSeXbFC9iLLpBfENIE120Ucvg=
  dependencies:
    "@actions/http-client" "^1.0.11"
    "@octokit/core" "^3.4.0"
    "@octokit/plugin-paginate-rest" "^2.13.3"
    "@octokit/plugin-rest-endpoint-methods" "^5.1.1"

"@actions/http-client@^1.0.11":
  version "1.0.11"
  resolved "https://registry.npmmirror.com/@actions/http-client/download/@actions/http-client-1.0.11.tgz#c58b12e9aa8b159ee39e7dd6cbd0e91d905633c0"
  integrity sha1-xYsS6aqLFZ7jnn3Wy9DpHZBWM8A=
  dependencies:
    tunnel "0.0.6"

"@octokit/auth-token@^2.4.4":
  version "2.5.0"
  resolved "https://registry.nlark.com/@octokit/auth-token/download/@octokit/auth-token-2.5.0.tgz#27c37ea26c205f28443402477ffd261311f21e36"
  integrity sha1-J8N+omwgXyhENAJHf/0mExHyHjY=
  dependencies:
    "@octokit/types" "^6.0.3"

"@octokit/core@^3.4.0":
  version "3.5.1"
  resolved "https://registry.nlark.com/@octokit/core/download/@octokit/core-3.5.1.tgz#8601ceeb1ec0e1b1b8217b960a413ed8e947809b"
  integrity sha1-hgHO6x7A4bG4IXuWCkE+2OlHgJs=
  dependencies:
    "@octokit/auth-token" "^2.4.4"
    "@octokit/graphql" "^4.5.8"
    "@octokit/request" "^5.6.0"
    "@octokit/request-error" "^2.0.5"
    "@octokit/types" "^6.0.3"
    before-after-hook "^2.2.0"
    universal-user-agent "^6.0.0"

"@octokit/endpoint@^6.0.1":
  version "6.0.12"
  resolved "https://registry.nlark.com/@octokit/endpoint/download/@octokit/endpoint-6.0.12.tgz#3b4d47a4b0e79b1027fb8d75d4221928b2d05658"
  integrity sha1-O01HpLDnmxAn+4111CIZKLLQVlg=
  dependencies:
    "@octokit/types" "^6.0.3"
    is-plain-object "^5.0.0"
    universal-user-agent "^6.0.0"

"@octokit/graphql@^4.5.8":
  version "4.8.0"
  resolved "https://registry.nlark.com/@octokit/graphql/download/@octokit/graphql-4.8.0.tgz#664d9b11c0e12112cbf78e10f49a05959aa22cc3"
  integrity sha1-Zk2bEcDhIRLL944Q9JoFlZqiLMM=
  dependencies:
    "@octokit/request" "^5.6.0"
    "@octokit/types" "^6.0.3"
    universal-user-agent "^6.0.0"

"@octokit/openapi-types@^11.2.0":
  version "11.2.0"
  resolved "https://registry.npmmirror.com/@octokit/openapi-types/download/@octokit/openapi-types-11.2.0.tgz#b38d7fc3736d52a1e96b230c1ccd4a58a2f400a6"
  integrity sha1-s41/w3NtUqHpayMMHM1KWKL0AKY=

"@octokit/plugin-paginate-rest@^2.13.3":
  version "2.17.0"
  resolved "https://registry.npmmirror.com/@octokit/plugin-paginate-rest/download/@octokit/plugin-paginate-rest-2.17.0.tgz#32e9c7cab2a374421d3d0de239102287d791bce7"
  integrity sha1-MunHyrKjdEIdPQ3iORAih9eRvOc=
  dependencies:
    "@octokit/types" "^6.34.0"

"@octokit/plugin-rest-endpoint-methods@^5.1.1":
  version "5.13.0"
  resolved "https://registry.npmmirror.com/@octokit/plugin-rest-endpoint-methods/download/@octokit/plugin-rest-endpoint-methods-5.13.0.tgz#8c46109021a3412233f6f50d28786f8e552427ba"
  integrity sha1-jEYQkCGjQSIz9vUNKHhvjlUkJ7o=
  dependencies:
    "@octokit/types" "^6.34.0"
    deprecation "^2.3.1"

"@octokit/request-error@^2.0.5", "@octokit/request-error@^2.1.0":
  version "2.1.0"
  resolved "https://registry.nlark.com/@octokit/request-error/download/@octokit/request-error-2.1.0.tgz#9e150357831bfc788d13a4fd4b1913d60c74d677"
  integrity sha1-nhUDV4Mb/HiNE6T9SxkT1gx01nc=
  dependencies:
    "@octokit/types" "^6.0.3"
    deprecation "^2.0.0"
    once "^1.4.0"

"@octokit/request@^5.6.0":
  version "5.6.2"
  resolved "https://registry.npmmirror.com/@octokit/request/download/@octokit/request-5.6.2.tgz#1aa74d5da7b9e04ac60ef232edd9a7438dcf32d8"
  integrity sha1-GqdNXae54ErGDvIy7dmnQ43PMtg=
  dependencies:
    "@octokit/endpoint" "^6.0.1"
    "@octokit/request-error" "^2.1.0"
    "@octokit/types" "^6.16.1"
    is-plain-object "^5.0.0"
    node-fetch "^2.6.1"
    universal-user-agent "^6.0.0"

"@octokit/types@^6.0.3", "@octokit/types@^6.16.1", "@octokit/types@^6.34.0":
  version "6.34.0"
  resolved "https://registry.npmmirror.com/@octokit/types/download/@octokit/types-6.34.0.tgz#c6021333334d1ecfb5d370a8798162ddf1ae8218"
  integrity sha1-xgITMzNNHs+103CoeYFi3fGughg=
  dependencies:
    "@octokit/openapi-types" "^11.2.0"

before-after-hook@^2.2.0:
  version "2.2.2"
  resolved "https://registry.nlark.com/before-after-hook/download/before-after-hook-2.2.2.tgz#a6e8ca41028d90ee2c24222f201c90956091613e"
  integrity sha1-pujKQQKNkO4sJCIvIByQlWCRYT4=

deprecation@^2.0.0, deprecation@^2.3.1:
  version "2.3.1"
  resolved "https://registry.nlark.com/deprecation/download/deprecation-2.3.1.tgz#6368cbdb40abf3373b525ac87e4a260c3a700919"
  integrity sha1-Y2jL20Cr8zc7UlrIfkomDDpwCRk=

is-plain-object@^5.0.0:
  version "5.0.0"
  resolved "https://registry.nlark.com/is-plain-object/download/is-plain-object-5.0.0.tgz#4427f50ab3429e9025ea7d52e9043a9ef4159344"
  integrity sha1-RCf1CrNCnpAl6n1S6QQ6nvQVk0Q=

node-fetch@^2.6.1:
  version "2.6.6"
  resolved "https://registry.npmmirror.com/node-fetch/download/node-fetch-2.6.6.tgz#1751a7c01834e8e1697758732e9efb6eeadfaf89"
  integrity sha1-F1GnwBg06OFpd1hzLp77burfr4k=
  dependencies:
    whatwg-url "^5.0.0"

once@^1.4.0:
  version "1.4.0"
  resolved "https://registry.nlark.com/once/download/once-1.4.0.tgz#583b1aa775961d4b113ac17d9c50baef9dd76bd1"
  integrity sha1-WDsap3WWHUsROsF9nFC6753Xa9E=
  dependencies:
    wrappy "1"

tr46@~0.0.3:
  version "0.0.3"
  resolved "https://registry.npmmirror.com/tr46/download/tr46-0.0.3.tgz?cache=0&sync_timestamp=1633302260375&other_urls=https%3A%2F%2Fregistry.npmmirror.com%2Ftr46%2Fdownload%2Ftr46-0.0.3.tgz#8184fd347dac9cdc185992f3a6622e14b9d9ab6a"
  integrity sha1-gYT9NH2snNwYWZLzpmIuFLnZq2o=

tunnel@0.0.6:
  version "0.0.6"
  resolved "https://registry.npmmirror.com/tunnel/download/tunnel-0.0.6.tgz#72f1314b34a5b192db012324df2cc587ca47f92c"
  integrity sha1-cvExSzSlsZLbASMk3yzFh8pH+Sw=

universal-user-agent@^6.0.0:
  version "6.0.0"
  resolved "https://registry.npmmirror.com/universal-user-agent/download/universal-user-agent-6.0.0.tgz#3381f8503b251c0d9cd21bc1de939ec9df5480ee"
  integrity sha1-M4H4UDslHA2c0hvB3pOeyd9UgO4=

webidl-conversions@^3.0.0:
  version "3.0.1"
  resolved "https://registry.nlark.com/webidl-conversions/download/webidl-conversions-3.0.1.tgz?cache=0&sync_timestamp=1631409524428&other_urls=https%3A%2F%2Fregistry.nlark.com%2Fwebidl-conversions%2Fdownload%2Fwebidl-conversions-3.0.1.tgz#24534275e2a7bc6be7bc86611cc16ae0a5654871"
  integrity sha1-JFNCdeKnvGvnvIZhHMFq4KVlSHE=

whatwg-url@^5.0.0:
  version "5.0.0"
  resolved "https://registry.npmmirror.com/whatwg-url/download/whatwg-url-5.0.0.tgz#966454e8765462e37644d3626f6742ce8b70965d"
  integrity sha1-lmRU6HZUYuN2RNNib2dCzotwll0=
  dependencies:
    tr46 "~0.0.3"
    webidl-conversions "^3.0.0"

wrappy@1:
  version "1.0.2"
  resolved "https://registry.nlark.com/wrappy/download/wrappy-1.0.2.tgz#b5243d8f3ec1aa35f1364605bc0d1036e30ab69f"
  integrity sha1-tSQ9jz7BqjXxNkYFvA0QNuMKtp8=
